// !$*UTF8*$!
{
	archiveVersion = 1;
	classes = {
	};
	objectVersion = 56;
	objects = {

/* Begin PBXBuildFile section */
		BD4879802C9D384C0098CC9F /* ReminderDoneButton.swift in Sources */ = {isa = PBXBuildFile; fileRef = BD48797F2C9D384C0098CC9F /* ReminderDoneButton.swift */; };
		BD4879822C9D3B700098CC9F /* ReminderListViewController+Actions.swift in Sources */ = {isa = PBXBuildFile; fileRef = BD4879812C9D3B660098CC9F /* ReminderListViewController+Actions.swift */; };
		BD529DE52C97D71C00A349F0 /* AppDelegate.swift in Sources */ = {isa = PBXBuildFile; fileRef = BD529DE42C97D71C00A349F0 /* AppDelegate.swift */; };
		BD529DE72C97D71C00A349F0 /* SceneDelegate.swift in Sources */ = {isa = PBXBuildFile; fileRef = BD529DE62C97D71C00A349F0 /* SceneDelegate.swift */; };
		BD529DE92C97D71C00A349F0 /* ReminderListViewController.swift in Sources */ = {isa = PBXBuildFile; fileRef = BD529DE82C97D71C00A349F0 /* ReminderListViewController.swift */; };
		BD529DEC2C97D71D00A349F0 /* Base in Resources */ = {isa = PBXBuildFile; fileRef = BD529DEB2C97D71D00A349F0 /* Base */; };
		BD529DEE2C97D71D00A349F0 /* Assets.xcassets in Resources */ = {isa = PBXBuildFile; fileRef = BD529DED2C97D71D00A349F0 /* Assets.xcassets */; };
		BD529DF12C97D71D00A349F0 /* Base in Resources */ = {isa = PBXBuildFile; fileRef = BD529DF02C97D71D00A349F0 /* Base */; };
		BD529DFA2C97D8B700A349F0 /* Reminder.swift in Sources */ = {isa = PBXBuildFile; fileRef = BD529DF92C97D8B700A349F0 /* Reminder.swift */; };
		BD529DFC2C9910AC00A349F0 /* Date+Today.swift in Sources */ = {isa = PBXBuildFile; fileRef = BD529DFB2C9910AC00A349F0 /* Date+Today.swift */; };
		BD529DFF2C99355400A349F0 /* ReminderListViewController+DataSource.swift in Sources */ = {isa = PBXBuildFile; fileRef = BD529DFE2C99355400A349F0 /* ReminderListViewController+DataSource.swift */; };
		BD529E012C993A5A00A349F0 /* UIColor+Today.swift in Sources */ = {isa = PBXBuildFile; fileRef = BD529E002C993A5A00A349F0 /* UIColor+Today.swift */; };
		BD714A822CA27A4100D37447 /* ReminderViewController.swift in Sources */ = {isa = PBXBuildFile; fileRef = BD714A812CA27A3400D37447 /* ReminderViewController.swift */; };
		BD714A852CA27E3E00D37447 /* ReminderViewController+Row.swift in Sources */ = {isa = PBXBuildFile; fileRef = BD714A842CA27E3E00D37447 /* ReminderViewController+Row.swift */; };
/* End PBXBuildFile section */

/* Begin PBXFileReference section */
		BD48797F2C9D384C0098CC9F /* ReminderDoneButton.swift */ = {isa = PBXFileReference; lastKnownFileType = sourcecode.swift; path = ReminderDoneButton.swift; sourceTree = "<group>"; };
		BD4879812C9D3B660098CC9F /* ReminderListViewController+Actions.swift */ = {isa = PBXFileReference; lastKnownFileType = sourcecode.swift; path = "ReminderListViewController+Actions.swift"; sourceTree = "<group>"; };
		BD529DE12C97D71C00A349F0 /* IosTodayApp.app */ = {isa = PBXFileReference; explicitFileType = wrapper.application; includeInIndex = 0; path = IosTodayApp.app; sourceTree = BUILT_PRODUCTS_DIR; };
		BD529DE42C97D71C00A349F0 /* AppDelegate.swift */ = {isa = PBXFileReference; lastKnownFileType = sourcecode.swift; path = AppDelegate.swift; sourceTree = "<group>"; };
		BD529DE62C97D71C00A349F0 /* SceneDelegate.swift */ = {isa = PBXFileReference; lastKnownFileType = sourcecode.swift; path = SceneDelegate.swift; sourceTree = "<group>"; };
		BD529DE82C97D71C00A349F0 /* ReminderListViewController.swift */ = {isa = PBXFileReference; lastKnownFileType = sourcecode.swift; path = ReminderListViewController.swift; sourceTree = "<group>"; };
		BD529DEB2C97D71D00A349F0 /* Base */ = {isa = PBXFileReference; lastKnownFileType = file.storyboard; name = Base; path = Base.lproj/Main.storyboard; sourceTree = "<group>"; };
		BD529DED2C97D71D00A349F0 /* Assets.xcassets */ = {isa = PBXFileReference; lastKnownFileType = folder.assetcatalog; path = Assets.xcassets; sourceTree = "<group>"; };
		BD529DF02C97D71D00A349F0 /* Base */ = {isa = PBXFileReference; lastKnownFileType = file.storyboard; name = Base; path = Base.lproj/LaunchScreen.storyboard; sourceTree = "<group>"; };
		BD529DF22C97D71D00A349F0 /* Info.plist */ = {isa = PBXFileReference; lastKnownFileType = text.plist.xml; path = Info.plist; sourceTree = "<group>"; };
		BD529DF92C97D8B700A349F0 /* Reminder.swift */ = {isa = PBXFileReference; lastKnownFileType = sourcecode.swift; path = Reminder.swift; sourceTree = "<group>"; };
		BD529DFB2C9910AC00A349F0 /* Date+Today.swift */ = {isa = PBXFileReference; lastKnownFileType = sourcecode.swift; path = "Date+Today.swift"; sourceTree = "<group>"; };
		BD529DFE2C99355400A349F0 /* ReminderListViewController+DataSource.swift */ = {isa = PBXFileReference; lastKnownFileType = sourcecode.swift; path = "ReminderListViewController+DataSource.swift"; sourceTree = "<group>"; };
		BD529E002C993A5A00A349F0 /* UIColor+Today.swift */ = {isa = PBXFileReference; lastKnownFileType = sourcecode.swift; path = "UIColor+Today.swift"; sourceTree = "<group>"; };
		BD714A812CA27A3400D37447 /* ReminderViewController.swift */ = {isa = PBXFileReference; lastKnownFileType = sourcecode.swift; path = ReminderViewController.swift; sourceTree = "<group>"; };
		BD714A842CA27E3E00D37447 /* ReminderViewController+Row.swift */ = {isa = PBXFileReference; lastKnownFileType = sourcecode.swift; path = "ReminderViewController+Row.swift"; sourceTree = "<group>"; };
/* End PBXFileReference section */

/* Begin PBXFrameworksBuildPhase section */
		BD529DDE2C97D71C00A349F0 /* Frameworks */ = {
			isa = PBXFrameworksBuildPhase;
			buildActionMask = 2147483647;
			files = (
			);
			runOnlyForDeploymentPostprocessing = 0;
		};
/* End PBXFrameworksBuildPhase section */

/* Begin PBXGroup section */
		BD529DD82C97D71C00A349F0 = {
			isa = PBXGroup;
			children = (
				BD529DE32C97D71C00A349F0 /* IosTodayApp */,
				BD529DE22C97D71C00A349F0 /* Products */,
			);
			sourceTree = "<group>";
		};
		BD529DE22C97D71C00A349F0 /* Products */ = {
			isa = PBXGroup;
			children = (
				BD529DE12C97D71C00A349F0 /* IosTodayApp.app */,
			);
			name = Products;
			sourceTree = "<group>";
		};
		BD529DE32C97D71C00A349F0 /* IosTodayApp */ = {
			isa = PBXGroup;
			children = (
				BD714A832CA27DA400D37447 /* DetailViewController */,
				BD529DFD2C99350D00A349F0 /* ListViewController */,
				BD529DF82C97D89600A349F0 /* Models */,
				BD529DE42C97D71C00A349F0 /* AppDelegate.swift */,
				BD529DE62C97D71C00A349F0 /* SceneDelegate.swift */,
				BD529DEA2C97D71D00A349F0 /* Main.storyboard */,
				BD529DED2C97D71D00A349F0 /* Assets.xcassets */,
				BD529DEF2C97D71D00A349F0 /* LaunchScreen.storyboard */,
				BD529DF22C97D71D00A349F0 /* Info.plist */,
			);
			path = IosTodayApp;
			sourceTree = "<group>";
		};
		BD529DF82C97D89600A349F0 /* Models */ = {
			isa = PBXGroup;
			children = (
				BD529DF92C97D8B700A349F0 /* Reminder.swift */,
				BD529DFB2C9910AC00A349F0 /* Date+Today.swift */,
				BD529E002C993A5A00A349F0 /* UIColor+Today.swift */,
				BD48797F2C9D384C0098CC9F /* ReminderDoneButton.swift */,
			);
			path = Models;
			sourceTree = "<group>";
		};
		BD529DFD2C99350D00A349F0 /* ListViewController */ = {
			isa = PBXGroup;
			children = (
				BD529DE82C97D71C00A349F0 /* ReminderListViewController.swift */,
				BD4879812C9D3B660098CC9F /* ReminderListViewController+Actions.swift */,
				BD529DFE2C99355400A349F0 /* ReminderListViewController+DataSource.swift */,
			);
			path = ListViewController;
			sourceTree = "<group>";
		};
		BD714A832CA27DA400D37447 /* DetailViewController */ = {
			isa = PBXGroup;
			children = (
				BD714A812CA27A3400D37447 /* ReminderViewController.swift */,
				BD714A842CA27E3E00D37447 /* ReminderViewController+Row.swift */,
			);
			path = DetailViewController;
			sourceTree = "<group>";
		};
/* End PBXGroup section */

/* Begin PBXNativeTarget section */
		BD529DE02C97D71C00A349F0 /* IosTodayApp */ = {
			isa = PBXNativeTarget;
			buildConfigurationList = BD529DF52C97D71D00A349F0 /* Build configuration list for PBXNativeTarget "IosTodayApp" */;
			buildPhases = (
				BD529DDD2C97D71C00A349F0 /* Sources */,
				BD529DDE2C97D71C00A349F0 /* Frameworks */,
				BD529DDF2C97D71C00A349F0 /* Resources */,
			);
			buildRules = (
			);
			dependencies = (
			);
			name = IosTodayApp;
			productName = IosTodayApp;
			productReference = BD529DE12C97D71C00A349F0 /* IosTodayApp.app */;
			productType = "com.apple.product-type.application";
		};
/* End PBXNativeTarget section */

/* Begin PBXProject section */
		BD529DD92C97D71C00A349F0 /* Project object */ = {
			isa = PBXProject;
			attributes = {
				BuildIndependentTargetsInParallel = 1;
				LastSwiftUpdateCheck = 1540;
				LastUpgradeCheck = 1540;
				TargetAttributes = {
					BD529DE02C97D71C00A349F0 = {
						CreatedOnToolsVersion = 15.4;
					};
				};
			};
			buildConfigurationList = BD529DDC2C97D71C00A349F0 /* Build configuration list for PBXProject "IosTodayApp" */;
			compatibilityVersion = "Xcode 14.0";
			developmentRegion = en;
			hasScannedForEncodings = 0;
			knownRegions = (
				en,
				Base,
			);
			mainGroup = BD529DD82C97D71C00A349F0;
			productRefGroup = BD529DE22C97D71C00A349F0 /* Products */;
			projectDirPath = "";
			projectRoot = "";
			targets = (
				BD529DE02C97D71C00A349F0 /* IosTodayApp */,
			);
		};
/* End PBXProject section */

/* Begin PBXResourcesBuildPhase section */
		BD529DDF2C97D71C00A349F0 /* Resources */ = {
			isa = PBXResourcesBuildPhase;
			buildActionMask = 2147483647;
			files = (
				BD529DEE2C97D71D00A349F0 /* Assets.xcassets in Resources */,
				BD529DF12C97D71D00A349F0 /* Base in Resources */,
				BD529DEC2C97D71D00A349F0 /* Base in Resources */,
			);
			runOnlyForDeploymentPostprocessing = 0;
		};
/* End PBXResourcesBuildPhase section */

/* Begin PBXSourcesBuildPhase section */
		BD529DDD2C97D71C00A349F0 /* Sources */ = {
			isa = PBXSourcesBuildPhase;
			buildActionMask = 2147483647;
			files = (
				BD529E012C993A5A00A349F0 /* UIColor+Today.swift in Sources */,
				BD4879822C9D3B700098CC9F /* ReminderListViewController+Actions.swift in Sources */,
				BD714A822CA27A4100D37447 /* ReminderViewController.swift in Sources */,
				BD529DE92C97D71C00A349F0 /* ReminderListViewController.swift in Sources */,
				BD529DFC2C9910AC00A349F0 /* Date+Today.swift in Sources */,
				BD714A852CA27E3E00D37447 /* ReminderViewController+Row.swift in Sources */,
				BD4879802C9D384C0098CC9F /* ReminderDoneButton.swift in Sources */,
				BD529DE52C97D71C00A349F0 /* AppDelegate.swift in Sources */,
				BD529DE72C97D71C00A349F0 /* SceneDelegate.swift in Sources */,
				BD529DFA2C97D8B700A349F0 /* Reminder.swift in Sources */,
				BD529DFF2C99355400A349F0 /* ReminderListViewController+DataSource.swift in Sources */,
			);
			runOnlyForDeploymentPostprocessing = 0;
		};
/* End PBXSourcesBuildPhase section */

/* Begin PBXVariantGroup section */
		BD529DEA2C97D71D00A349F0 /* Main.storyboard */ = {
			isa = PBXVariantGroup;
			children = (
				BD529DEB2C97D71D00A349F0 /* Base */,
			);
			name = Main.storyboard;
			sourceTree = "<group>";
		};
		BD529DEF2C97D71D00A349F0 /* LaunchScreen.storyboard */ = {
			isa = PBXVariantGroup;
			children = (
				BD529DF02C97D71D00A349F0 /* Base */,
			);
			name = LaunchScreen.storyboard;
			sourceTree = "<group>";
		};
/* End PBXVariantGroup section */

/* Begin XCBuildConfiguration section */
		BD529DF32C97D71D00A349F0 /* Debug */ = {
			isa = XCBuildConfiguration;
			buildSettings = {
				ALWAYS_SEARCH_USER_PATHS = NO;
				ASSETCATALOG_COMPILER_GENERATE_SWIFT_ASSET_SYMBOL_EXTENSIONS = YES;
				CLANG_ANALYZER_NONNULL = YES;
				CLANG_ANALYZER_NUMBER_OBJECT_CONVERSION = YES_AGGRESSIVE;
				CLANG_CXX_LANGUAGE_STANDARD = "gnu++20";
				CLANG_ENABLE_MODULES = YES;
				CLANG_ENABLE_OBJC_ARC = YES;
				CLANG_ENABLE_OBJC_WEAK = YES;
				CLANG_WARN_BLOCK_CAPTURE_AUTORELEASING = YES;
				CLANG_WARN_BOOL_CONVERSION = YES;
				CLANG_WARN_COMMA = YES;
				CLANG_WARN_CONSTANT_CONVERSION = YES;
				CLANG_WARN_DEPRECATED_OBJC_IMPLEMENTATIONS = YES;
				CLANG_WARN_DIRECT_OBJC_ISA_USAGE = YES_ERROR;
				CLANG_WARN_DOCUMENTATION_COMMENTS = YES;
				CLANG_WARN_EMPTY_BODY = YES;
				CLANG_WARN_ENUM_CONVERSION = YES;
				CLANG_WARN_INFINITE_RECURSION = YES;
				CLANG_WARN_INT_CONVERSION = YES;
				CLANG_WARN_NON_LITERAL_NULL_CONVERSION = YES;
				CLANG_WARN_OBJC_IMPLICIT_RETAIN_SELF = YES;
				CLANG_WARN_OBJC_LITERAL_CONVERSION = YES;
				CLANG_WARN_OBJC_ROOT_CLASS = YES_ERROR;
				CLANG_WARN_QUOTED_INCLUDE_IN_FRAMEWORK_HEADER = YES;
				CLANG_WARN_RANGE_LOOP_ANALYSIS = YES;
				CLANG_WARN_STRICT_PROTOTYPES = YES;
				CLANG_WARN_SUSPICIOUS_MOVE = YES;
				CLANG_WARN_UNGUARDED_AVAILABILITY = YES_AGGRESSIVE;
				CLANG_WARN_UNREACHABLE_CODE = YES;
				CLANG_WARN__DUPLICATE_METHOD_MATCH = YES;
				COPY_PHASE_STRIP = NO;
				DEBUG_INFORMATION_FORMAT = dwarf;
				ENABLE_STRICT_OBJC_MSGSEND = YES;
				ENABLE_TESTABILITY = YES;
				ENABLE_USER_SCRIPT_SANDBOXING = YES;
				GCC_C_LANGUAGE_STANDARD = gnu17;
				GCC_DYNAMIC_NO_PIC = NO;
				GCC_NO_COMMON_BLOCKS = YES;
				GCC_OPTIMIZATION_LEVEL = 0;
				GCC_PREPROCESSOR_DEFINITIONS = (
					"DEBUG=1",
					"$(inherited)",
				);
				GCC_WARN_64_TO_32_BIT_CONVERSION = YES;
				GCC_WARN_ABOUT_RETURN_TYPE = YES_ERROR;
				GCC_WARN_UNDECLARED_SELECTOR = YES;
				GCC_WARN_UNINITIALIZED_AUTOS = YES_AGGRESSIVE;
				GCC_WARN_UNUSED_FUNCTION = YES;
				GCC_WARN_UNUSED_VARIABLE = YES;
				IPHONEOS_DEPLOYMENT_TARGET = 17.5;
				LOCALIZATION_PREFERS_STRING_CATALOGS = YES;
				MTL_ENABLE_DEBUG_INFO = INCLUDE_SOURCE;
				MTL_FAST_MATH = YES;
				ONLY_ACTIVE_ARCH = YES;
				SDKROOT = iphoneos;
				SWIFT_ACTIVE_COMPILATION_CONDITIONS = "DEBUG $(inherited)";
				SWIFT_OPTIMIZATION_LEVEL = "-Onone";
			};
			name = Debug;
		};
		BD529DF42C97D71D00A349F0 /* Release */ = {
			isa = XCBuildConfiguration;
			buildSettings = {
				ALWAYS_SEARCH_USER_PATHS = NO;
				ASSETCATALOG_COMPILER_GENERATE_SWIFT_ASSET_SYMBOL_EXTENSIONS = YES;
				CLANG_ANALYZER_NONNULL = YES;
				CLANG_ANALYZER_NUMBER_OBJECT_CONVERSION = YES_AGGRESSIVE;
				CLANG_CXX_LANGUAGE_STANDARD = "gnu++20";
				CLANG_ENABLE_MODULES = YES;
				CLANG_ENABLE_OBJC_ARC = YES;
				CLANG_ENABLE_OBJC_WEAK = YES;
				CLANG_WARN_BLOCK_CAPTURE_AUTORELEASING = YES;
				CLANG_WARN_BOOL_CONVERSION = YES;
				CLANG_WARN_COMMA = YES;
				CLANG_WARN_CONSTANT_CONVERSION = YES;
				CLANG_WARN_DEPRECATED_OBJC_IMPLEMENTATIONS = YES;
				CLANG_WARN_DIRECT_OBJC_ISA_USAGE = YES_ERROR;
				CLANG_WARN_DOCUMENTATION_COMMENTS = YES;
				CLANG_WARN_EMPTY_BODY = YES;
				CLANG_WARN_ENUM_CONVERSION = YES;
				CLANG_WARN_INFINITE_RECURSION = YES;
				CLANG_WARN_INT_CONVERSION = YES;
				CLANG_WARN_NON_LITERAL_NULL_CONVERSION = YES;
				CLANG_WARN_OBJC_IMPLICIT_RETAIN_SELF = YES;
				CLANG_WARN_OBJC_LITERAL_CONVERSION = YES;
				CLANG_WARN_OBJC_ROOT_CLASS = YES_ERROR;
				CLANG_WARN_QUOTED_INCLUDE_IN_FRAMEWORK_HEADER = YES;
				CLANG_WARN_RANGE_LOOP_ANALYSIS = YES;
				CLANG_WARN_STRICT_PROTOTYPES = YES;
				CLANG_WARN_SUSPICIOUS_MOVE = YES;
				CLANG_WARN_UNGUARDED_AVAILABILITY = YES_AGGRESSIVE;
				CLANG_WARN_UNREACHABLE_CODE = YES;
				CLANG_WARN__DUPLICATE_METHOD_MATCH = YES;
				COPY_PHASE_STRIP = NO;
				DEBUG_INFORMATION_FORMAT = "dwarf-with-dsym";
				ENABLE_NS_ASSERTIONS = NO;
				ENABLE_STRICT_OBJC_MSGSEND = YES;
				ENABLE_USER_SCRIPT_SANDBOXING = YES;
				GCC_C_LANGUAGE_STANDARD = gnu17;
				GCC_NO_COMMON_BLOCKS = YES;
				GCC_WARN_64_TO_32_BIT_CONVERSION = YES;
				GCC_WARN_ABOUT_RETURN_TYPE = YES_ERROR;
				GCC_WARN_UNDECLARED_SELECTOR = YES;
				GCC_WARN_UNINITIALIZED_AUTOS = YES_AGGRESSIVE;
				GCC_WARN_UNUSED_FUNCTION = YES;
				GCC_WARN_UNUSED_VARIABLE = YES;
				IPHONEOS_DEPLOYMENT_TARGET = 17.5;
				LOCALIZATION_PREFERS_STRING_CATALOGS = YES;
				MTL_ENABLE_DEBUG_INFO = NO;
				MTL_FAST_MATH = YES;
				SDKROOT = iphoneos;
				SWIFT_COMPILATION_MODE = wholemodule;
				VALIDATE_PRODUCT = YES;
			};
			name = Release;
		};
		BD529DF62C97D71D00A349F0 /* Debug */ = {
			isa = XCBuildConfiguration;
			buildSettings = {
				ASSETCATALOG_COMPILER_APPICON_NAME = AppIcon;
				ASSETCATALOG_COMPILER_GLOBAL_ACCENT_COLOR_NAME = AccentColor;
				CODE_SIGN_STYLE = Automatic;
				CURRENT_PROJECT_VERSION = 1;
				DEVELOPMENT_TEAM = V484G7LV29;
				GENERATE_INFOPLIST_FILE = YES;
				INFOPLIST_FILE = IosTodayApp/Info.plist;
				INFOPLIST_KEY_UIApplicationSupportsIndirectInputEvents = YES;
				INFOPLIST_KEY_UILaunchStoryboardName = LaunchScreen;
				INFOPLIST_KEY_UIMainStoryboardFile = Main;
				INFOPLIST_KEY_UISupportedInterfaceOrientations_iPad = "UIInterfaceOrientationPortrait UIInterfaceOrientationPortraitUpsideDown UIInterfaceOrientationLandscapeLeft UIInterfaceOrientationLandscapeRight";
				INFOPLIST_KEY_UISupportedInterfaceOrientations_iPhone = "UIInterfaceOrientationPortrait UIInterfaceOrientationLandscapeLeft UIInterfaceOrientationLandscapeRight";
				LD_RUNPATH_SEARCH_PATHS = (
					"$(inherited)",
					"@executable_path/Frameworks",
				);
				MARKETING_VERSION = 1.0;
				PRODUCT_BUNDLE_IDENTIFIER = com.act.IosTodayApp;
				PRODUCT_NAME = "$(TARGET_NAME)";
				SUPPORTED_PLATFORMS = "iphoneos iphonesimulator";
				SUPPORTS_MACCATALYST = NO;
				SUPPORTS_MAC_DESIGNED_FOR_IPHONE_IPAD = NO;
				SUPPORTS_XR_DESIGNED_FOR_IPHONE_IPAD = NO;
				SWIFT_EMIT_LOC_STRINGS = YES;
				SWIFT_VERSION = 5.0;
				TARGETED_DEVICE_FAMILY = "1,2";
			};
			name = Debug;
		};
		BD529DF72C97D71D00A349F0 /* Release */ = {
			isa = XCBuildConfiguration;
			buildSettings = {
				ASSETCATALOG_COMPILER_APPICON_NAME = AppIcon;
				ASSETCATALOG_COMPILER_GLOBAL_ACCENT_COLOR_NAME = AccentColor;
				CODE_SIGN_STYLE = Automatic;
				CURRENT_PROJECT_VERSION = 1;
				DEVELOPMENT_TEAM = V484G7LV29;
				GENERATE_INFOPLIST_FILE = YES;
				INFOPLIST_FILE = IosTodayApp/Info.plist;
				INFOPLIST_KEY_UIApplicationSupportsIndirectInputEvents = YES;
				INFOPLIST_KEY_UILaunchStoryboardName = LaunchScreen;
				INFOPLIST_KEY_UIMainStoryboardFile = Main;
				INFOPLIST_KEY_UISupportedInterfaceOrientations_iPad = "UIInterfaceOrientationPortrait UIInterfaceOrientationPortraitUpsideDown UIInterfaceOrientationLandscapeLeft UIInterfaceOrientationLandscapeRight";
				INFOPLIST_KEY_UISupportedInterfaceOrientations_iPhone = "UIInterfaceOrientationPortrait UIInterfaceOrientationLandscapeLeft UIInterfaceOrientationLandscapeRight";
				LD_RUNPATH_SEARCH_PATHS = (
					"$(inherited)",
					"@executable_path/Frameworks",
				);
				MARKETING_VERSION = 1.0;
				PRODUCT_BUNDLE_IDENTIFIER = com.act.IosTodayApp;
				PRODUCT_NAME = "$(TARGET_NAME)";
				SUPPORTED_PLATFORMS = "iphoneos iphonesimulator";
				SUPPORTS_MACCATALYST = NO;
				SUPPORTS_MAC_DESIGNED_FOR_IPHONE_IPAD = NO;
				SUPPORTS_XR_DESIGNED_FOR_IPHONE_IPAD = NO;
				SWIFT_EMIT_LOC_STRINGS = YES;
				SWIFT_VERSION = 5.0;
				TARGETED_DEVICE_FAMILY = "1,2";
			};
			name = Release;
		};
/* End XCBuildConfiguration section */

/* Begin XCConfigurationList section */
		BD529DDC2C97D71C00A349F0 /* Build configuration list for PBXProject "IosTodayApp" */ = {
			isa = XCConfigurationList;
			buildConfigurations = (
				BD529DF32C97D71D00A349F0 /* Debug */,
				BD529DF42C97D71D00A349F0 /* Release */,
			);
			defaultConfigurationIsVisible = 0;
			defaultConfigurationName = Release;
		};
		BD529DF52C97D71D00A349F0 /* Build configuration list for PBXNativeTarget "IosTodayApp" */ = {
			isa = XCConfigurationList;
			buildConfigurations = (
				BD529DF62C97D71D00A349F0 /* Debug */,
				BD529DF72C97D71D00A349F0 /* Release */,
			);
			defaultConfigurationIsVisible = 0;
			defaultConfigurationName = Release;
		};
/* End XCConfigurationList section */
	};
	rootObject = BD529DD92C97D71C00A349F0 /* Project object */;
}
